Microsoft Visual Studio Solution File, Format Version 12.00
# Visual Studio Version 17
VisualStudioVersion = 17.5.2.0
MinimumVisualStudioVersion = 10.0.40219.1
Project("{FAE04EC0-301F-11D3-BF4B-00C04F79EFBC}") = "project_second_formsApp", "project_second_formsApp.csproj", "{B439CA64-02DC-EEB7-D555-DE9DC161113B}"
EndProject
Global
	GlobalSection(SolutionConfigurationPlatforms) = preSolution
		Debug|Any CPU = Debug|Any CPU
		Release|Any CPU = Release|Any CPU
	EndGlobalSection
	GlobalSection(ProjectConfigurationPlatforms) = postSolution
		{B439CA64-02DC-EEB7-D555-DE9DC161113B}.Debug|Any CPU.ActiveCfg = Debug|Any CPU
		{B439CA64-02DC-EEB7-D555-DE9DC161113B}.Debug|Any CPU.Build.0 = Debug|Any CPU
		{B439CA64-02DC-EEB7-D555-DE9DC161113B}.Release|Any CPU.ActiveCfg = Release|Any CPU
		{B439CA64-02DC-EEB7-D555-DE9DC161113B}.Release|Any CPU.Build.0 = Release|Any CPU
	EndGlobalSection
	GlobalSection(SolutionProperties) = preSolution
		HideSolutionNode = FALSE
	EndGlobalSection
	GlobalSection(ExtensibilityGlobals) = postSolution
		SolutionGuid = {EDA35479-8A9C-45B2-9802-83704AF065E5}
	EndGlobalSection
EndGlobal
