Microsoft Visual Studio Solution File, Format Version 12.00
# Visual Studio Version 17
VisualStudioVersion = 17.5.2.0
MinimumVisualStudioVersion = 10.0.40219.1
Project("{FAE04EC0-301F-11D3-BF4B-00C04F79EFBC}") = "project_one", "project_one.csproj", "{6ED3015C-6D51-1D2A-27F6-8CF56E95D861}"
EndProject
Global
	GlobalSection(SolutionConfigurationPlatforms) = preSolution
		Debug|Any CPU = Debug|Any CPU
		Release|Any CPU = Release|Any CPU
	EndGlobalSection
	GlobalSection(ProjectConfigurationPlatforms) = postSolution
		{6ED3015C-6D51-1D2A-27F6-8CF56E95D861}.Debug|Any CPU.ActiveCfg = Debug|Any CPU
		{6ED3015C-6D51-1D2A-27F6-8CF56E95D861}.Debug|Any CPU.Build.0 = Debug|Any CPU
		{6ED3015C-6D51-1D2A-27F6-8CF56E95D861}.Release|Any CPU.ActiveCfg = Release|Any CPU
		{6ED3015C-6D51-1D2A-27F6-8CF56E95D861}.Release|Any CPU.Build.0 = Release|Any CPU
	EndGlobalSection
	GlobalSection(SolutionProperties) = preSolution
		HideSolutionNode = FALSE
	EndGlobalSection
	GlobalSection(ExtensibilityGlobals) = postSolution
		SolutionGuid = {1B11506E-1CB7-41F4-BBAF-16DF62CC6690}
	EndGlobalSection
EndGlobal
